
Microsoft Visual Studio Solution File, Format Version 12.00
# Visual Studio Version 17
VisualStudioVersion = 17.0.31903.59
MinimumVisualStudioVersion = 10.0.40219.1
Project("{9A19103F-16F7-4668-BE54-9A1E7A4F7556}") = "Tourmaline", "Tourmaline\Tourmaline.csproj", "{60B4BDF4-B95A-47A0-93C3-5C637E477932}"
EndProject
Global
	GlobalSection(SolutionConfigurationPlatforms) = preSolution
		Debug|Any CPU = Debug|Any CPU
		Release|Any CPU = Release|Any CPU
	EndGlobalSection
	GlobalSection(ProjectConfigurationPlatforms) = postSolution
		{60B4BDF4-B95A-47A0-93C3-5C637E477932}.Debug|Any CPU.ActiveCfg = Debug|Any CPU
		{60B4BDF4-B95A-47A0-93C3-5C637E477932}.Debug|Any CPU.Build.0 = Debug|Any CPU
		{60B4BDF4-B95A-47A0-93C3-5C637E477932}.Release|Any CPU.ActiveCfg = Release|Any CPU
		{60B4BDF4-B95A-47A0-93C3-5C637E477932}.Release|Any CPU.Build.0 = Release|Any CPU
	EndGlobalSection
	GlobalSection(SolutionProperties) = preSolution
		HideSolutionNode = FALSE
	EndGlobalSection
	GlobalSection(ExtensibilityGlobals) = postSolution
		SolutionGuid = {58A6359F-D1D0-4596-A467-11EFC80B2BAA}
	EndGlobalSection
EndGlobal
